
Microsoft Visual Studio Solution File, Format Version 12.00
# Visual Studio Version 17
VisualStudioVersion = 17.0.31903.59
MinimumVisualStudioVersion = 10.0.40219.1
Project("{FAE04EC0-301F-11D3-BF4B-00C04F79EFBC}") = "MeetingSummary.Core", "MeetingSummary.Core\MeetingSummary.Core.csproj", "{4679B775-8409-47C4-8BA0-D44BBB942A74}"
EndProject
Project("{FAE04EC0-301F-11D3-BF4B-00C04F79EFBC}") = "MeetingSummary.TranscriptionWorker", "MeetingSummary.TranscriptionWorker\MeetingSummary.TranscriptionWorker.csproj", "{9E8BC4A9-82A1-4F62-9D9A-DA59AD44A377}"
EndProject
Project("{FAE04EC0-301F-11D3-BF4B-00C04F79EFBC}") = "MeetingSummary.Services", "MeetingSummary.Services\MeetingSummary.Services.csproj", "{09F5D293-094A-4BCB-ADEC-A6AAA8704355}"
EndProject
Global
	GlobalSection(SolutionConfigurationPlatforms) = preSolution
		Debug|Any CPU = Debug|Any CPU
		Release|Any CPU = Release|Any CPU
	EndGlobalSection
	GlobalSection(ProjectConfigurationPlatforms) = postSolution
		{4679B775-8409-47C4-8BA0-D44BBB942A74}.Debug|Any CPU.ActiveCfg = Debug|Any CPU
		{4679B775-8409-47C4-8BA0-D44BBB942A74}.Debug|Any CPU.Build.0 = Debug|Any CPU
		{4679B775-8409-47C4-8BA0-D44BBB942A74}.Release|Any CPU.ActiveCfg = Release|Any CPU
		{4679B775-8409-47C4-8BA0-D44BBB942A74}.Release|Any CPU.Build.0 = Release|Any CPU
		{9E8BC4A9-82A1-4F62-9D9A-DA59AD44A377}.Debug|Any CPU.ActiveCfg = Debug|Any CPU
		{9E8BC4A9-82A1-4F62-9D9A-DA59AD44A377}.Debug|Any CPU.Build.0 = Debug|Any CPU
		{9E8BC4A9-82A1-4F62-9D9A-DA59AD44A377}.Release|Any CPU.ActiveCfg = Release|Any CPU
		{9E8BC4A9-82A1-4F62-9D9A-DA59AD44A377}.Release|Any CPU.Build.0 = Release|Any CPU
		{09F5D293-094A-4BCB-ADEC-A6AAA8704355}.Debug|Any CPU.ActiveCfg = Debug|Any CPU
		{09F5D293-094A-4BCB-ADEC-A6AAA8704355}.Debug|Any CPU.Build.0 = Debug|Any CPU
		{09F5D293-094A-4BCB-ADEC-A6AAA8704355}.Release|Any CPU.ActiveCfg = Release|Any CPU
		{09F5D293-094A-4BCB-ADEC-A6AAA8704355}.Release|Any CPU.Build.0 = Release|Any CPU
	EndGlobalSection
	GlobalSection(SolutionProperties) = preSolution
		HideSolutionNode = FALSE
	EndGlobalSection
	GlobalSection(ExtensibilityGlobals) = postSolution
		SolutionGuid = {1AEF207B-1655-405D-842F-78B4324B8062}
	EndGlobalSection
EndGlobal
